
Microsoft Visual Studio Solution File, Format Version 9.00
# Visual C# Express 2005
Project("{FAE04EC0-301F-11D3-BF4B-00C04F79EFBC}") = "SimpleFirstApp", "SimpleFirstApp\SimpleFirstApp.csproj", "{941C5428-0EEC-4961-BC96-5E60D78EBD24}"
EndProject
Global
	GlobalSection(SolutionConfigurationPlatforms) = preSolution
		Debug|Any CPU = Debug|Any CPU
		Release|Any CPU = Release|Any CPU
	EndGlobalSection
	GlobalSection(ProjectConfigurationPlatforms) = postSolution
		{941C5428-0EEC-4961-BC96-5E60D78EBD24}.Debug|Any CPU.ActiveCfg = Debug|Any CPU
		{941C5428-0EEC-4961-BC96-5E60D78EBD24}.Debug|Any CPU.Build.0 = Debug|Any CPU
		{941C5428-0EEC-4961-BC96-5E60D78EBD24}.Release|Any CPU.ActiveCfg = Release|Any CPU
		{941C5428-0EEC-4961-BC96-5E60D78EBD24}.Release|Any CPU.Build.0 = Release|Any CPU
	EndGlobalSection
	GlobalSection(SolutionProperties) = preSolution
		HideSolutionNode = FALSE
	EndGlobalSection
EndGlobal
